// !$*UTF8*$!
{
	archiveVersion = 1;
	classes = {
	};
	objectVersion = 46;
	objects = {

/* Begin PBXBuildFile section */
		4B40FB741F56A3F50027C75E /* ExtraCollectionViewController.swift in Sources */ = {isa = PBXBuildFile; fileRef = 4B40FB731F56A3F50027C75E /* ExtraCollectionViewController.swift */; };
		4B40FB761F56A4890027C75E /* ExtraData.swift in Sources */ = {isa = PBXBuildFile; fileRef = 4B40FB751F56A4890027C75E /* ExtraData.swift */; };
		4B40FB781F56BDF70027C75E /* ViewController.swift in Sources */ = {isa = PBXBuildFile; fileRef = 4B40FB771F56BDF70027C75E /* ViewController.swift */; };
		4B7960E01F55670000A31630 /* AppDelegate.swift in Sources */ = {isa = PBXBuildFile; fileRef = 4B7960DF1F55670000A31630 /* AppDelegate.swift */; };
		4B7960E51F55670000A31630 /* Main.storyboard in Resources */ = {isa = PBXBuildFile; fileRef = 4B7960E31F55670000A31630 /* Main.storyboard */; };
		4B7960E71F55670000A31630 /* Assets.xcassets in Resources */ = {isa = PBXBuildFile; fileRef = 4B7960E61F55670000A31630 /* Assets.xcassets */; };
		4B7960EA1F55670000A31630 /* LaunchScreen.storyboard in Resources */ = {isa = PBXBuildFile; fileRef = 4B7960E81F55670000A31630 /* LaunchScreen.storyboard */; };
		4B7960F21F55674900A31630 /* CollectionViewCell.swift in Sources */ = {isa = PBXBuildFile; fileRef = 4B7960F11F55674900A31630 /* CollectionViewCell.swift */; };
		4B7960F81F5567C200A31630 /* CollectionView.swift in Sources */ = {isa = PBXBuildFile; fileRef = 4B7960F71F5567C200A31630 /* CollectionView.swift */; };
		4B7960FA1F5569D900A31630 /* TwoOrThreeCollumnPerRow.swift in Sources */ = {isa = PBXBuildFile; fileRef = 4B7960F91F5569D900A31630 /* TwoOrThreeCollumnPerRow.swift */; };
		4B7960FC1F556B5100A31630 /* AddNewCollectionViewController.swift in Sources */ = {isa = PBXBuildFile; fileRef = 4B7960FB1F556B5100A31630 /* AddNewCollectionViewController.swift */; };
/* End PBXBuildFile section */

/* Begin PBXFileReference section */
		4B40FB731F56A3F50027C75E /* ExtraCollectionViewController.swift */ = {isa = PBXFileReference; fileEncoding = 4; lastKnownFileType = sourcecode.swift; path = ExtraCollectionViewController.swift; sourceTree = "<group>"; };
		4B40FB751F56A4890027C75E /* ExtraData.swift */ = {isa = PBXFileReference; fileEncoding = 4; lastKnownFileType = sourcecode.swift; path = ExtraData.swift; sourceTree = "<group>"; };
		4B40FB771F56BDF70027C75E /* ViewController.swift */ = {isa = PBXFileReference; fileEncoding = 4; lastKnownFileType = sourcecode.swift; path = ViewController.swift; sourceTree = "<group>"; };
		4B7960DC1F55670000A31630 /* CollectionView.app */ = {isa = PBXFileReference; explicitFileType = wrapper.application; includeInIndex = 0; path = CollectionView.app; sourceTree = BUILT_PRODUCTS_DIR; };
		4B7960DF1F55670000A31630 /* AppDelegate.swift */ = {isa = PBXFileReference; lastKnownFileType = sourcecode.swift; path = AppDelegate.swift; sourceTree = "<group>"; };
		4B7960E41F55670000A31630 /* Base */ = {isa = PBXFileReference; lastKnownFileType = file.storyboard; name = Base; path = Base.lproj/Main.storyboard; sourceTree = "<group>"; };
		4B7960E61F55670000A31630 /* Assets.xcassets */ = {isa = PBXFileReference; lastKnownFileType = folder.assetcatalog; path = Assets.xcassets; sourceTree = "<group>"; };
		4B7960E91F55670000A31630 /* Base */ = {isa = PBXFileReference; lastKnownFileType = file.storyboard; name = Base; path = Base.lproj/LaunchScreen.storyboard; sourceTree = "<group>"; };
		4B7960EB1F55670000A31630 /* Info.plist */ = {isa = PBXFileReference; lastKnownFileType = text.plist.xml; path = Info.plist; sourceTree = "<group>"; };
		4B7960F11F55674900A31630 /* CollectionViewCell.swift */ = {isa = PBXFileReference; fileEncoding = 4; lastKnownFileType = sourcecode.swift; path = CollectionViewCell.swift; sourceTree = "<group>"; };
		4B7960F71F5567C200A31630 /* CollectionView.swift */ = {isa = PBXFileReference; fileEncoding = 4; lastKnownFileType = sourcecode.swift; path = CollectionView.swift; sourceTree = "<group>"; };
		4B7960F91F5569D900A31630 /* TwoOrThreeCollumnPerRow.swift */ = {isa = PBXFileReference; fileEncoding = 4; lastKnownFileType = sourcecode.swift; path = TwoOrThreeCollumnPerRow.swift; sourceTree = "<group>"; };
		4B7960FB1F556B5100A31630 /* AddNewCollectionViewController.swift */ = {isa = PBXFileReference; fileEncoding = 4; lastKnownFileType = sourcecode.swift; path = AddNewCollectionViewController.swift; sourceTree = "<group>"; };
/* End PBXFileReference section */

/* Begin PBXFrameworksBuildPhase section */
		4B7960D91F55670000A31630 /* Frameworks */ = {
			isa = PBXFrameworksBuildPhase;
			buildActionMask = 2147483647;
			files = (
			);
			runOnlyForDeploymentPostprocessing = 0;
		};
/* End PBXFrameworksBuildPhase section */

/* Begin PBXGroup section */
		4B7960D31F55670000A31630 = {
			isa = PBXGroup;
			children = (
				4B7960DE1F55670000A31630 /* CollectionView */,
				4B7960DD1F55670000A31630 /* Products */,
			);
			sourceTree = "<group>";
		};
		4B7960DD1F55670000A31630 /* Products */ = {
			isa = PBXGroup;
			children = (
				4B7960DC1F55670000A31630 /* CollectionView.app */,
			);
			name = Products;
			sourceTree = "<group>";
		};
		4B7960DE1F55670000A31630 /* CollectionView */ = {
			isa = PBXGroup;
			children = (
				4B7960DF1F55670000A31630 /* AppDelegate.swift */,
				4B7960E31F55670000A31630 /* Main.storyboard */,
				4B40FB751F56A4890027C75E /* ExtraData.swift */,
				4B40FB731F56A3F50027C75E /* ExtraCollectionViewController.swift */,
				4B40FB771F56BDF70027C75E /* ViewController.swift */,
				4B7960FB1F556B5100A31630 /* AddNewCollectionViewController.swift */,
				4B7960F91F5569D900A31630 /* TwoOrThreeCollumnPerRow.swift */,
				4B7960F71F5567C200A31630 /* CollectionView.swift */,
				4B7960F11F55674900A31630 /* CollectionViewCell.swift */,
				4B7960E61F55670000A31630 /* Assets.xcassets */,
				4B7960E81F55670000A31630 /* LaunchScreen.storyboard */,
				4B7960EB1F55670000A31630 /* Info.plist */,
			);
			path = CollectionView;
			sourceTree = "<group>";
		};
/* End PBXGroup section */

/* Begin PBXNativeTarget section */
		4B7960DB1F55670000A31630 /* CollectionView */ = {
			isa = PBXNativeTarget;
			buildConfigurationList = 4B7960EE1F55670000A31630 /* Build configuration list for PBXNativeTarget "CollectionView" */;
			buildPhases = (
				4B7960D81F55670000A31630 /* Sources */,
				4B7960D91F55670000A31630 /* Frameworks */,
				4B7960DA1F55670000A31630 /* Resources */,
			);
			buildRules = (
			);
			dependencies = (
			);
			name = CollectionView;
			productName = CollectionView;
			productReference = 4B7960DC1F55670000A31630 /* CollectionView.app */;
			productType = "com.apple.product-type.application";
		};
/* End PBXNativeTarget section */

/* Begin PBXProject section */
		4B7960D41F55670000A31630 /* Project object */ = {
			isa = PBXProject;
			attributes = {
				LastSwiftUpdateCheck = 0830;
				LastUpgradeCheck = 0830;
				ORGANIZATIONNAME = "Nitin Bhatia";
				TargetAttributes = {
					4B7960DB1F55670000A31630 = {
						CreatedOnToolsVersion = 8.3.3;
						DevelopmentTeam = SF78HV8BZS;
						ProvisioningStyle = Automatic;
					};
				};
			};
			buildConfigurationList = 4B7960D71F55670000A31630 /* Build configuration list for PBXProject "CollectionView" */;
			compatibilityVersion = "Xcode 3.2";
			developmentRegion = English;
			hasScannedForEncodings = 0;
			knownRegions = (
				en,
				Base,
			);
			mainGroup = 4B7960D31F55670000A31630;
			productRefGroup = 4B7960DD1F55670000A31630 /* Products */;
			projectDirPath = "";
			projectRoot = "";
			targets = (
				4B7960DB1F55670000A31630 /* CollectionView */,
			);
		};
/* End PBXProject section */

/* Begin PBXResourcesBuildPhase section */
		4B7960DA1F55670000A31630 /* Resources */ = {
			isa = PBXResourcesBuildPhase;
			buildActionMask = 2147483647;
			files = (
				4B7960EA1F55670000A31630 /* LaunchScreen.storyboard in Resources */,
				4B7960E71F55670000A31630 /* Assets.xcassets in Resources */,
				4B7960E51F55670000A31630 /* Main.storyboard in Resources */,
			);
			runOnlyForDeploymentPostprocessing = 0;
		};
/* End PBXResourcesBuildPhase section */

/* Begin PBXSourcesBuildPhase section */
		4B7960D81F55670000A31630 /* Sources */ = {
			isa = PBXSourcesBuildPhase;
			buildActionMask = 2147483647;
			files = (
				4B7960FA1F5569D900A31630 /* TwoOrThreeCollumnPerRow.swift in Sources */,
				4B7960F81F5567C200A31630 /* CollectionView.swift in Sources */,
				4B7960E01F55670000A31630 /* AppDelegate.swift in Sources */,
				4B7960F21F55674900A31630 /* CollectionViewCell.swift in Sources */,
				4B40FB761F56A4890027C75E /* ExtraData.swift in Sources */,
				4B7960FC1F556B5100A31630 /* AddNewCollectionViewController.swift in Sources */,
				4B40FB781F56BDF70027C75E /* ViewController.swift in Sources */,
				4B40FB741F56A3F50027C75E /* ExtraCollectionViewController.swift in Sources */,
			);
			runOnlyForDeploymentPostprocessing = 0;
		};
/* End PBXSourcesBuildPhase section */

/* Begin PBXVariantGroup section */
		4B7960E31F55670000A31630 /* Main.storyboard */ = {
			isa = PBXVariantGroup;
			children = (
				4B7960E41F55670000A31630 /* Base */,
			);
			name = Main.storyboard;
			sourceTree = "<group>";
		};
		4B7960E81F55670000A31630 /* LaunchScreen.storyboard */ = {
			isa = PBXVariantGroup;
			children = (
				4B7960E91F55670000A31630 /* Base */,
			);
			name = LaunchScreen.storyboard;
			sourceTree = "<group>";
		};
/* End PBXVariantGroup section */

/* Begin XCBuildConfiguration section */
		4B7960EC1F55670000A31630 /* Debug */ = {
			isa = XCBuildConfiguration;
			buildSettings = {
				ALWAYS_SEARCH_USER_PATHS = NO;
				CLANG_ANALYZER_NONNULL = YES;
				CLANG_ANALYZER_NUMBER_OBJECT_CONVERSION = YES_AGGRESSIVE;
				CLANG_CXX_LANGUAGE_STANDARD = "gnu++0x";
				CLANG_CXX_LIBRARY = "libc++";
				CLANG_ENABLE_MODULES = YES;
				CLANG_ENABLE_OBJC_ARC = YES;
				CLANG_WARN_BOOL_CONVERSION = YES;
				CLANG_WARN_CONSTANT_CONVERSION = YES;
				CLANG_WARN_DIRECT_OBJC_ISA_USAGE = YES_ERROR;
				CLANG_WARN_DOCUMENTATION_COMMENTS = YES;
				CLANG_WARN_EMPTY_BODY = YES;
				CLANG_WARN_ENUM_CONVERSION = YES;
				CLANG_WARN_INFINITE_RECURSION = YES;
				CLANG_WARN_INT_CONVERSION = YES;
				CLANG_WARN_OBJC_ROOT_CLASS = YES_ERROR;
				CLANG_WARN_SUSPICIOUS_MOVE = YES;
				CLANG_WARN_UNREACHABLE_CODE = YES;
				CLANG_WARN__DUPLICATE_METHOD_MATCH = YES;
				"CODE_SIGN_IDENTITY[sdk=iphoneos*]" = "iPhone Developer";
				COPY_PHASE_STRIP = NO;
				DEBUG_INFORMATION_FORMAT = dwarf;
				ENABLE_STRICT_OBJC_MSGSEND = YES;
				ENABLE_TESTABILITY = YES;
				GCC_C_LANGUAGE_STANDARD = gnu99;
				GCC_DYNAMIC_NO_PIC = NO;
				GCC_NO_COMMON_BLOCKS = YES;
				GCC_OPTIMIZATION_LEVEL = 0;
				GCC_PREPROCESSOR_DEFINITIONS = (
					"DEBUG=1",
					"$(inherited)",
				);
				GCC_WARN_64_TO_32_BIT_CONVERSION = YES;
				GCC_WARN_ABOUT_RETURN_TYPE = YES_ERROR;
				GCC_WARN_UNDECLARED_SELECTOR = YES;
				GCC_WARN_UNINITIALIZED_AUTOS = YES_AGGRESSIVE;
				GCC_WARN_UNUSED_FUNCTION = YES;
				GCC_WARN_UNUSED_VARIABLE = YES;
				IPHONEOS_DEPLOYMENT_TARGET = 10.3;
				MTL_ENABLE_DEBUG_INFO = YES;
				ONLY_ACTIVE_ARCH = YES;
				SDKROOT = iphoneos;
				SWIFT_ACTIVE_COMPILATION_CONDITIONS = DEBUG;
				SWIFT_OPTIMIZATION_LEVEL = "-Onone";
				TARGETED_DEVICE_FAMILY = "1,2";
			};
			name = Debug;
		};
		4B7960ED1F55670000A31630 /* Release */ = {
			isa = XCBuildConfiguration;
			buildSettings = {
				ALWAYS_SEARCH_USER_PATHS = NO;
				CLANG_ANALYZER_NONNULL = YES;
				CLANG_ANALYZER_NUMBER_OBJECT_CONVERSION = YES_AGGRESSIVE;
				CLANG_CXX_LANGUAGE_STANDARD = "gnu++0x";
				CLANG_CXX_LIBRARY = "libc++";
				CLANG_ENABLE_MODULES = YES;
				CLANG_ENABLE_OBJC_ARC = YES;
				CLANG_WARN_BOOL_CONVERSION = YES;
				CLANG_WARN_CONSTANT_CONVERSION = YES;
				CLANG_WARN_DIRECT_OBJC_ISA_USAGE = YES_ERROR;
				CLANG_WARN_DOCUMENTATION_COMMENTS = YES;
				CLANG_WARN_EMPTY_BODY = YES;
				CLANG_WARN_ENUM_CONVERSION = YES;
				CLANG_WARN_INFINITE_RECURSION = YES;
				CLANG_WARN_INT_CONVERSION = YES;
				CLANG_WARN_OBJC_ROOT_CLASS = YES_ERROR;
				CLANG_WARN_SUSPICIOUS_MOVE = YES;
				CLANG_WARN_UNREACHABLE_CODE = YES;
				CLANG_WARN__DUPLICATE_METHOD_MATCH = YES;
				"CODE_SIGN_IDENTITY[sdk=iphoneos*]" = "iPhone Developer";
				COPY_PHASE_STRIP = NO;
				DEBUG_INFORMATION_FORMAT = "dwarf-with-dsym";
				ENABLE_NS_ASSERTIONS = NO;
				ENABLE_STRICT_OBJC_MSGSEND = YES;
				GCC_C_LANGUAGE_STANDARD = gnu99;
				GCC_NO_COMMON_BLOCKS = YES;
				GCC_WARN_64_TO_32_BIT_CONVERSION = YES;
				GCC_WARN_ABOUT_RETURN_TYPE = YES_ERROR;
				GCC_WARN_UNDECLARED_SELECTOR = YES;
				GCC_WARN_UNINITIALIZED_AUTOS = YES_AGGRESSIVE;
				GCC_WARN_UNUSED_FUNCTION = YES;
				GCC_WARN_UNUSED_VARIABLE = YES;
				IPHONEOS_DEPLOYMENT_TARGET = 10.3;
				MTL_ENABLE_DEBUG_INFO = NO;
				SDKROOT = iphoneos;
				SWIFT_OPTIMIZATION_LEVEL = "-Owholemodule";
				TARGETED_DEVICE_FAMILY = "1,2";
				VALIDATE_PRODUCT = YES;
			};
			name = Release;
		};
		4B7960EF1F55670000A31630 /* Debug */ = {
			isa = XCBuildConfiguration;
			buildSettings = {
				ASSETCATALOG_COMPILER_APPICON_NAME = AppIcon;
				DEVELOPMENT_TEAM = SF78HV8BZS;
				INFOPLIST_FILE = CollectionView/Info.plist;
				LD_RUNPATH_SEARCH_PATHS = "$(inherited) @executable_path/Frameworks";
				PRODUCT_BUNDLE_IDENTIFIER = com.demo.CollectionView;
				PRODUCT_NAME = "$(TARGET_NAME)";
				SWIFT_VERSION = 3.0;
			};
			name = Debug;
		};
		4B7960F01F55670000A31630 /* Release */ = {
			isa = XCBuildConfiguration;
			buildSettings = {
				ASSETCATALOG_COMPILER_APPICON_NAME = AppIcon;
				DEVELOPMENT_TEAM = SF78HV8BZS;
				INFOPLIST_FILE = CollectionView/Info.plist;
				LD_RUNPATH_SEARCH_PATHS = "$(inherited) @executable_path/Frameworks";
				PRODUCT_BUNDLE_IDENTIFIER = com.demo.CollectionView;
				PRODUCT_NAME = "$(TARGET_NAME)";
				SWIFT_VERSION = 3.0;
			};
			name = Release;
		};
/* End XCBuildConfiguration section */

/* Begin XCConfigurationList section */
		4B7960D71F55670000A31630 /* Build configuration list for PBXProject "CollectionView" */ = {
			isa = XCConfigurationList;
			buildConfigurations = (
				4B7960EC1F55670000A31630 /* Debug */,
				4B7960ED1F55670000A31630 /* Release */,
			);
			defaultConfigurationIsVisible = 0;
			defaultConfigurationName = Release;
		};
		4B7960EE1F55670000A31630 /* Build configuration list for PBXNativeTarget "CollectionView" */ = {
			isa = XCConfigurationList;
			buildConfigurations = (
				4B7960EF1F55670000A31630 /* Debug */,
				4B7960F01F55670000A31630 /* Release */,
			);
			defaultConfigurationIsVisible = 0;
			defaultConfigurationName = Release;
		};
/* End XCConfigurationList section */
	};
	rootObject = 4B7960D41F55670000A31630 /* Project object */;
}
