// !$*UTF8*$!
{
	archiveVersion = 1;
	classes = {
	};
	objectVersion = 55;
	objects = {

/* Begin PBXBuildFile section */
		453C61CD27FD88D90081D5B8 /* AppDelegate.swift in Sources */ = {isa = PBXBuildFile; fileRef = 453C61CC27FD88D90081D5B8 /* AppDelegate.swift */; };
		453C61CF27FD88D90081D5B8 /* SceneDelegate.swift in Sources */ = {isa = PBXBuildFile; fileRef = 453C61CE27FD88D90081D5B8 /* SceneDelegate.swift */; };
		453C61D127FD88D90081D5B8 /* ViewController.swift in Sources */ = {isa = PBXBuildFile; fileRef = 453C61D027FD88D90081D5B8 /* ViewController.swift */; };
		453C61D427FD88D90081D5B8 /* Main.storyboard in Resources */ = {isa = PBXBuildFile; fileRef = 453C61D227FD88D90081D5B8 /* Main.storyboard */; };
		453C61D627FD88D90081D5B8 /* Assets.xcassets in Resources */ = {isa = PBXBuildFile; fileRef = 453C61D527FD88D90081D5B8 /* Assets.xcassets */; };
		453C61D927FD88D90081D5B8 /* LaunchScreen.storyboard in Resources */ = {isa = PBXBuildFile; fileRef = 453C61D727FD88D90081D5B8 /* LaunchScreen.storyboard */; };
		453C61E427FD8AE20081D5B8 /* FeaturedCollectionViewCell.swift in Sources */ = {isa = PBXBuildFile; fileRef = 453C61E327FD8AE20081D5B8 /* FeaturedCollectionViewCell.swift */; };
		453C61E627FD8AF00081D5B8 /* SharedCollectionViewCell.swift in Sources */ = {isa = PBXBuildFile; fileRef = 453C61E527FD8AF00081D5B8 /* SharedCollectionViewCell.swift */; };
		453C61E827FD8AFF0081D5B8 /* AlbumsCollectionViewCell.swift in Sources */ = {isa = PBXBuildFile; fileRef = 453C61E727FD8AFF0081D5B8 /* AlbumsCollectionViewCell.swift */; };
		453C61EA27FD8C250081D5B8 /* AlbumItem.swift in Sources */ = {isa = PBXBuildFile; fileRef = 453C61E927FD8C250081D5B8 /* AlbumItem.swift */; };
		453C61F027FD952E0081D5B8 /* PhotoData in Resources */ = {isa = PBXBuildFile; fileRef = 453C61EF27FD952E0081D5B8 /* PhotoData */; };
		453C61F227FDA6550081D5B8 /* CollectionViewHeader.swift in Sources */ = {isa = PBXBuildFile; fileRef = 453C61F127FDA6550081D5B8 /* CollectionViewHeader.swift */; };
		453C61F427FDBACA0081D5B8 /* AlbumDetailViewController.swift in Sources */ = {isa = PBXBuildFile; fileRef = 453C61F327FDBACA0081D5B8 /* AlbumDetailViewController.swift */; };
		453C61F627FDBB400081D5B8 /* PhotoCollectionViewCell.swift in Sources */ = {isa = PBXBuildFile; fileRef = 453C61F527FDBB400081D5B8 /* PhotoCollectionViewCell.swift */; };
		45429B7D28004F2E006ED62D /* Example2ViewController.swift in Sources */ = {isa = PBXBuildFile; fileRef = 45429B7C28004F2E006ED62D /* Example2ViewController.swift */; };
		45429B7F28004FF1006ED62D /* HeaderCollectionView.swift in Sources */ = {isa = PBXBuildFile; fileRef = 45429B7E28004FF1006ED62D /* HeaderCollectionView.swift */; };
		45429B812800536E006ED62D /* Example3CollectionViewCell.swift in Sources */ = {isa = PBXBuildFile; fileRef = 45429B802800536E006ED62D /* Example3CollectionViewCell.swift */; };
		45429B83280053EC006ED62D /* Example3ViewController.swift in Sources */ = {isa = PBXBuildFile; fileRef = 45429B82280053EC006ED62D /* Example3ViewController.swift */; };
/* End PBXBuildFile section */

/* Begin PBXFileReference section */
		453C61C927FD88D90081D5B8 /* CollectionViewCompositionalLayout.app */ = {isa = PBXFileReference; explicitFileType = wrapper.application; includeInIndex = 0; path = CollectionViewCompositionalLayout.app; sourceTree = BUILT_PRODUCTS_DIR; };
		453C61CC27FD88D90081D5B8 /* AppDelegate.swift */ = {isa = PBXFileReference; lastKnownFileType = sourcecode.swift; path = AppDelegate.swift; sourceTree = "<group>"; };
		453C61CE27FD88D90081D5B8 /* SceneDelegate.swift */ = {isa = PBXFileReference; lastKnownFileType = sourcecode.swift; path = SceneDelegate.swift; sourceTree = "<group>"; };
		453C61D027FD88D90081D5B8 /* ViewController.swift */ = {isa = PBXFileReference; lastKnownFileType = sourcecode.swift; path = ViewController.swift; sourceTree = "<group>"; };
		453C61D327FD88D90081D5B8 /* Base */ = {isa = PBXFileReference; lastKnownFileType = file.storyboard; name = Base; path = Base.lproj/Main.storyboard; sourceTree = "<group>"; };
		453C61D527FD88D90081D5B8 /* Assets.xcassets */ = {isa = PBXFileReference; lastKnownFileType = folder.assetcatalog; path = Assets.xcassets; sourceTree = "<group>"; };
		453C61D827FD88D90081D5B8 /* Base */ = {isa = PBXFileReference; lastKnownFileType = file.storyboard; name = Base; path = Base.lproj/LaunchScreen.storyboard; sourceTree = "<group>"; };
		453C61DA27FD88D90081D5B8 /* Info.plist */ = {isa = PBXFileReference; lastKnownFileType = text.plist.xml; path = Info.plist; sourceTree = "<group>"; };
		453C61E327FD8AE20081D5B8 /* FeaturedCollectionViewCell.swift */ = {isa = PBXFileReference; lastKnownFileType = sourcecode.swift; path = FeaturedCollectionViewCell.swift; sourceTree = "<group>"; };
		453C61E527FD8AF00081D5B8 /* SharedCollectionViewCell.swift */ = {isa = PBXFileReference; lastKnownFileType = sourcecode.swift; path = SharedCollectionViewCell.swift; sourceTree = "<group>"; };
		453C61E727FD8AFF0081D5B8 /* AlbumsCollectionViewCell.swift */ = {isa = PBXFileReference; lastKnownFileType = sourcecode.swift; path = AlbumsCollectionViewCell.swift; sourceTree = "<group>"; };
		453C61E927FD8C250081D5B8 /* AlbumItem.swift */ = {isa = PBXFileReference; lastKnownFileType = sourcecode.swift; path = AlbumItem.swift; sourceTree = "<group>"; };
		453C61EF27FD952E0081D5B8 /* PhotoData */ = {isa = PBXFileReference; lastKnownFileType = folder; path = PhotoData; sourceTree = "<group>"; };
		453C61F127FDA6550081D5B8 /* CollectionViewHeader.swift */ = {isa = PBXFileReference; lastKnownFileType = sourcecode.swift; path = CollectionViewHeader.swift; sourceTree = "<group>"; };
		453C61F327FDBACA0081D5B8 /* AlbumDetailViewController.swift */ = {isa = PBXFileReference; lastKnownFileType = sourcecode.swift; path = AlbumDetailViewController.swift; sourceTree = "<group>"; };
		453C61F527FDBB400081D5B8 /* PhotoCollectionViewCell.swift */ = {isa = PBXFileReference; lastKnownFileType = sourcecode.swift; path = PhotoCollectionViewCell.swift; sourceTree = "<group>"; };
		45429B7C28004F2E006ED62D /* Example2ViewController.swift */ = {isa = PBXFileReference; lastKnownFileType = sourcecode.swift; path = Example2ViewController.swift; sourceTree = "<group>"; };
		45429B7E28004FF1006ED62D /* HeaderCollectionView.swift */ = {isa = PBXFileReference; lastKnownFileType = sourcecode.swift; path = HeaderCollectionView.swift; sourceTree = "<group>"; };
		45429B802800536E006ED62D /* Example3CollectionViewCell.swift */ = {isa = PBXFileReference; lastKnownFileType = sourcecode.swift; path = Example3CollectionViewCell.swift; sourceTree = "<group>"; };
		45429B82280053EC006ED62D /* Example3ViewController.swift */ = {isa = PBXFileReference; lastKnownFileType = sourcecode.swift; path = Example3ViewController.swift; sourceTree = "<group>"; };
/* End PBXFileReference section */

/* Begin PBXFrameworksBuildPhase section */
		453C61C627FD88D90081D5B8 /* Frameworks */ = {
			isa = PBXFrameworksBuildPhase;
			buildActionMask = 2147483647;
			files = (
			);
			runOnlyForDeploymentPostprocessing = 0;
		};
/* End PBXFrameworksBuildPhase section */

/* Begin PBXGroup section */
		453C61C027FD88D90081D5B8 = {
			isa = PBXGroup;
			children = (
				453C61CB27FD88D90081D5B8 /* CollectionViewCompositionalLayout */,
				453C61CA27FD88D90081D5B8 /* Products */,
			);
			sourceTree = "<group>";
		};
		453C61CA27FD88D90081D5B8 /* Products */ = {
			isa = PBXGroup;
			children = (
				453C61C927FD88D90081D5B8 /* CollectionViewCompositionalLayout.app */,
			);
			name = Products;
			sourceTree = "<group>";
		};
		453C61CB27FD88D90081D5B8 /* CollectionViewCompositionalLayout */ = {
			isa = PBXGroup;
			children = (
				453C61EF27FD952E0081D5B8 /* PhotoData */,
				453C61E227FD8AD40081D5B8 /* Cells */,
				453C61CC27FD88D90081D5B8 /* AppDelegate.swift */,
				453C61CE27FD88D90081D5B8 /* SceneDelegate.swift */,
				45429B7B28004F07006ED62D /* View Controllers */,
				453C61D227FD88D90081D5B8 /* Main.storyboard */,
				453C61D527FD88D90081D5B8 /* Assets.xcassets */,
				453C61D727FD88D90081D5B8 /* LaunchScreen.storyboard */,
				453C61DA27FD88D90081D5B8 /* Info.plist */,
				453C61E927FD8C250081D5B8 /* AlbumItem.swift */,
			);
			path = CollectionViewCompositionalLayout;
			sourceTree = "<group>";
		};
		453C61E227FD8AD40081D5B8 /* Cells */ = {
			isa = PBXGroup;
			children = (
				453C61E327FD8AE20081D5B8 /* FeaturedCollectionViewCell.swift */,
				453C61E527FD8AF00081D5B8 /* SharedCollectionViewCell.swift */,
				453C61E727FD8AFF0081D5B8 /* AlbumsCollectionViewCell.swift */,
				453C61F127FDA6550081D5B8 /* CollectionViewHeader.swift */,
				453C61F527FDBB400081D5B8 /* PhotoCollectionViewCell.swift */,
				45429B7E28004FF1006ED62D /* HeaderCollectionView.swift */,
				45429B802800536E006ED62D /* Example3CollectionViewCell.swift */,
			);
			path = Cells;
			sourceTree = "<group>";
		};
		45429B7B28004F07006ED62D /* View Controllers */ = {
			isa = PBXGroup;
			children = (
				453C61D027FD88D90081D5B8 /* ViewController.swift */,
				453C61F327FDBACA0081D5B8 /* AlbumDetailViewController.swift */,
				45429B7C28004F2E006ED62D /* Example2ViewController.swift */,
				45429B82280053EC006ED62D /* Example3ViewController.swift */,
			);
			path = "View Controllers";
			sourceTree = "<group>";
		};
/* End PBXGroup section */

/* Begin PBXNativeTarget section */
		453C61C827FD88D90081D5B8 /* CollectionViewCompositionalLayout */ = {
			isa = PBXNativeTarget;
			buildConfigurationList = 453C61DD27FD88D90081D5B8 /* Build configuration list for PBXNativeTarget "CollectionViewCompositionalLayout" */;
			buildPhases = (
				453C61C527FD88D90081D5B8 /* Sources */,
				453C61C627FD88D90081D5B8 /* Frameworks */,
				453C61C727FD88D90081D5B8 /* Resources */,
			);
			buildRules = (
			);
			dependencies = (
			);
			name = CollectionViewCompositionalLayout;
			productName = CollectionViewCompositionalLayout;
			productReference = 453C61C927FD88D90081D5B8 /* CollectionViewCompositionalLayout.app */;
			productType = "com.apple.product-type.application";
		};
/* End PBXNativeTarget section */

/* Begin PBXProject section */
		453C61C127FD88D90081D5B8 /* Project object */ = {
			isa = PBXProject;
			attributes = {
				BuildIndependentTargetsInParallel = 1;
				LastSwiftUpdateCheck = 1330;
				LastUpgradeCheck = 1330;
				TargetAttributes = {
					453C61C827FD88D90081D5B8 = {
						CreatedOnToolsVersion = 13.3;
					};
				};
			};
			buildConfigurationList = 453C61C427FD88D90081D5B8 /* Build configuration list for PBXProject "CollectionViewCompositionalLayout" */;
			compatibilityVersion = "Xcode 13.0";
			developmentRegion = en;
			hasScannedForEncodings = 0;
			knownRegions = (
				en,
				Base,
			);
			mainGroup = 453C61C027FD88D90081D5B8;
			productRefGroup = 453C61CA27FD88D90081D5B8 /* Products */;
			projectDirPath = "";
			projectRoot = "";
			targets = (
				453C61C827FD88D90081D5B8 /* CollectionViewCompositionalLayout */,
			);
		};
/* End PBXProject section */

/* Begin PBXResourcesBuildPhase section */
		453C61C727FD88D90081D5B8 /* Resources */ = {
			isa = PBXResourcesBuildPhase;
			buildActionMask = 2147483647;
			files = (
				453C61D927FD88D90081D5B8 /* LaunchScreen.storyboard in Resources */,
				453C61F027FD952E0081D5B8 /* PhotoData in Resources */,
				453C61D627FD88D90081D5B8 /* Assets.xcassets in Resources */,
				453C61D427FD88D90081D5B8 /* Main.storyboard in Resources */,
			);
			runOnlyForDeploymentPostprocessing = 0;
		};
/* End PBXResourcesBuildPhase section */

/* Begin PBXSourcesBuildPhase section */
		453C61C527FD88D90081D5B8 /* Sources */ = {
			isa = PBXSourcesBuildPhase;
			buildActionMask = 2147483647;
			files = (
				453C61E627FD8AF00081D5B8 /* SharedCollectionViewCell.swift in Sources */,
				45429B7F28004FF1006ED62D /* HeaderCollectionView.swift in Sources */,
				453C61F627FDBB400081D5B8 /* PhotoCollectionViewCell.swift in Sources */,
				453C61EA27FD8C250081D5B8 /* AlbumItem.swift in Sources */,
				45429B7D28004F2E006ED62D /* Example2ViewController.swift in Sources */,
				45429B83280053EC006ED62D /* Example3ViewController.swift in Sources */,
				453C61E427FD8AE20081D5B8 /* FeaturedCollectionViewCell.swift in Sources */,
				45429B812800536E006ED62D /* Example3CollectionViewCell.swift in Sources */,
				453C61E827FD8AFF0081D5B8 /* AlbumsCollectionViewCell.swift in Sources */,
				453C61D127FD88D90081D5B8 /* ViewController.swift in Sources */,
				453C61F427FDBACA0081D5B8 /* AlbumDetailViewController.swift in Sources */,
				453C61F227FDA6550081D5B8 /* CollectionViewHeader.swift in Sources */,
				453C61CD27FD88D90081D5B8 /* AppDelegate.swift in Sources */,
				453C61CF27FD88D90081D5B8 /* SceneDelegate.swift in Sources */,
			);
			runOnlyForDeploymentPostprocessing = 0;
		};
/* End PBXSourcesBuildPhase section */

/* Begin PBXVariantGroup section */
		453C61D227FD88D90081D5B8 /* Main.storyboard */ = {
			isa = PBXVariantGroup;
			children = (
				453C61D327FD88D90081D5B8 /* Base */,
			);
			name = Main.storyboard;
			sourceTree = "<group>";
		};
		453C61D727FD88D90081D5B8 /* LaunchScreen.storyboard */ = {
			isa = PBXVariantGroup;
			children = (
				453C61D827FD88D90081D5B8 /* Base */,
			);
			name = LaunchScreen.storyboard;
			sourceTree = "<group>";
		};
/* End PBXVariantGroup section */

/* Begin XCBuildConfiguration section */
		453C61DB27FD88D90081D5B8 /* Debug */ = {
			isa = XCBuildConfiguration;
			buildSettings = {
				ALWAYS_SEARCH_USER_PATHS = NO;
				CLANG_ANALYZER_NONNULL = YES;
				CLANG_ANALYZER_NUMBER_OBJECT_CONVERSION = YES_AGGRESSIVE;
				CLANG_CXX_LANGUAGE_STANDARD = "gnu++17";
				CLANG_ENABLE_MODULES = YES;
				CLANG_ENABLE_OBJC_ARC = YES;
				CLANG_ENABLE_OBJC_WEAK = YES;
				CLANG_WARN_BLOCK_CAPTURE_AUTORELEASING = YES;
				CLANG_WARN_BOOL_CONVERSION = YES;
				CLANG_WARN_COMMA = YES;
				CLANG_WARN_CONSTANT_CONVERSION = YES;
				CLANG_WARN_DEPRECATED_OBJC_IMPLEMENTATIONS = YES;
				CLANG_WARN_DIRECT_OBJC_ISA_USAGE = YES_ERROR;
				CLANG_WARN_DOCUMENTATION_COMMENTS = YES;
				CLANG_WARN_EMPTY_BODY = YES;
				CLANG_WARN_ENUM_CONVERSION = YES;
				CLANG_WARN_INFINITE_RECURSION = YES;
				CLANG_WARN_INT_CONVERSION = YES;
				CLANG_WARN_NON_LITERAL_NULL_CONVERSION = YES;
				CLANG_WARN_OBJC_IMPLICIT_RETAIN_SELF = YES;
				CLANG_WARN_OBJC_LITERAL_CONVERSION = YES;
				CLANG_WARN_OBJC_ROOT_CLASS = YES_ERROR;
				CLANG_WARN_QUOTED_INCLUDE_IN_FRAMEWORK_HEADER = YES;
				CLANG_WARN_RANGE_LOOP_ANALYSIS = YES;
				CLANG_WARN_STRICT_PROTOTYPES = YES;
				CLANG_WARN_SUSPICIOUS_MOVE = YES;
				CLANG_WARN_UNGUARDED_AVAILABILITY = YES_AGGRESSIVE;
				CLANG_WARN_UNREACHABLE_CODE = YES;
				CLANG_WARN__DUPLICATE_METHOD_MATCH = YES;
				COPY_PHASE_STRIP = NO;
				DEBUG_INFORMATION_FORMAT = dwarf;
				ENABLE_STRICT_OBJC_MSGSEND = YES;
				ENABLE_TESTABILITY = YES;
				GCC_C_LANGUAGE_STANDARD = gnu11;
				GCC_DYNAMIC_NO_PIC = NO;
				GCC_NO_COMMON_BLOCKS = YES;
				GCC_OPTIMIZATION_LEVEL = 0;
				GCC_PREPROCESSOR_DEFINITIONS = (
					"DEBUG=1",
					"$(inherited)",
				);
				GCC_WARN_64_TO_32_BIT_CONVERSION = YES;
				GCC_WARN_ABOUT_RETURN_TYPE = YES_ERROR;
				GCC_WARN_UNDECLARED_SELECTOR = YES;
				GCC_WARN_UNINITIALIZED_AUTOS = YES_AGGRESSIVE;
				GCC_WARN_UNUSED_FUNCTION = YES;
				GCC_WARN_UNUSED_VARIABLE = YES;
				IPHONEOS_DEPLOYMENT_TARGET = 15.4;
				MTL_ENABLE_DEBUG_INFO = INCLUDE_SOURCE;
				MTL_FAST_MATH = YES;
				ONLY_ACTIVE_ARCH = YES;
				SDKROOT = iphoneos;
				SWIFT_ACTIVE_COMPILATION_CONDITIONS = DEBUG;
				SWIFT_OPTIMIZATION_LEVEL = "-Onone";
			};
			name = Debug;
		};
		453C61DC27FD88D90081D5B8 /* Release */ = {
			isa = XCBuildConfiguration;
			buildSettings = {
				ALWAYS_SEARCH_USER_PATHS = NO;
				CLANG_ANALYZER_NONNULL = YES;
				CLANG_ANALYZER_NUMBER_OBJECT_CONVERSION = YES_AGGRESSIVE;
				CLANG_CXX_LANGUAGE_STANDARD = "gnu++17";
				CLANG_ENABLE_MODULES = YES;
				CLANG_ENABLE_OBJC_ARC = YES;
				CLANG_ENABLE_OBJC_WEAK = YES;
				CLANG_WARN_BLOCK_CAPTURE_AUTORELEASING = YES;
				CLANG_WARN_BOOL_CONVERSION = YES;
				CLANG_WARN_COMMA = YES;
				CLANG_WARN_CONSTANT_CONVERSION = YES;
				CLANG_WARN_DEPRECATED_OBJC_IMPLEMENTATIONS = YES;
				CLANG_WARN_DIRECT_OBJC_ISA_USAGE = YES_ERROR;
				CLANG_WARN_DOCUMENTATION_COMMENTS = YES;
				CLANG_WARN_EMPTY_BODY = YES;
				CLANG_WARN_ENUM_CONVERSION = YES;
				CLANG_WARN_INFINITE_RECURSION = YES;
				CLANG_WARN_INT_CONVERSION = YES;
				CLANG_WARN_NON_LITERAL_NULL_CONVERSION = YES;
				CLANG_WARN_OBJC_IMPLICIT_RETAIN_SELF = YES;
				CLANG_WARN_OBJC_LITERAL_CONVERSION = YES;
				CLANG_WARN_OBJC_ROOT_CLASS = YES_ERROR;
				CLANG_WARN_QUOTED_INCLUDE_IN_FRAMEWORK_HEADER = YES;
				CLANG_WARN_RANGE_LOOP_ANALYSIS = YES;
				CLANG_WARN_STRICT_PROTOTYPES = YES;
				CLANG_WARN_SUSPICIOUS_MOVE = YES;
				CLANG_WARN_UNGUARDED_AVAILABILITY = YES_AGGRESSIVE;
				CLANG_WARN_UNREACHABLE_CODE = YES;
				CLANG_WARN__DUPLICATE_METHOD_MATCH = YES;
				COPY_PHASE_STRIP = NO;
				DEBUG_INFORMATION_FORMAT = "dwarf-with-dsym";
				ENABLE_NS_ASSERTIONS = NO;
				ENABLE_STRICT_OBJC_MSGSEND = YES;
				GCC_C_LANGUAGE_STANDARD = gnu11;
				GCC_NO_COMMON_BLOCKS = YES;
				GCC_WARN_64_TO_32_BIT_CONVERSION = YES;
				GCC_WARN_ABOUT_RETURN_TYPE = YES_ERROR;
				GCC_WARN_UNDECLARED_SELECTOR = YES;
				GCC_WARN_UNINITIALIZED_AUTOS = YES_AGGRESSIVE;
				GCC_WARN_UNUSED_FUNCTION = YES;
				GCC_WARN_UNUSED_VARIABLE = YES;
				IPHONEOS_DEPLOYMENT_TARGET = 15.4;
				MTL_ENABLE_DEBUG_INFO = NO;
				MTL_FAST_MATH = YES;
				SDKROOT = iphoneos;
				SWIFT_COMPILATION_MODE = wholemodule;
				SWIFT_OPTIMIZATION_LEVEL = "-O";
				VALIDATE_PRODUCT = YES;
			};
			name = Release;
		};
		453C61DE27FD88D90081D5B8 /* Debug */ = {
			isa = XCBuildConfiguration;
			buildSettings = {
				ASSETCATALOG_COMPILER_APPICON_NAME = AppIcon;
				ASSETCATALOG_COMPILER_GLOBAL_ACCENT_COLOR_NAME = AccentColor;
				CODE_SIGN_STYLE = Automatic;
				CURRENT_PROJECT_VERSION = 1;
				GENERATE_INFOPLIST_FILE = YES;
				INFOPLIST_FILE = CollectionViewCompositionalLayout/Info.plist;
				INFOPLIST_KEY_UIApplicationSupportsIndirectInputEvents = YES;
				INFOPLIST_KEY_UILaunchStoryboardName = LaunchScreen;
				INFOPLIST_KEY_UIMainStoryboardFile = Main;
				INFOPLIST_KEY_UISupportedInterfaceOrientations_iPad = "UIInterfaceOrientationPortrait UIInterfaceOrientationPortraitUpsideDown UIInterfaceOrientationLandscapeLeft UIInterfaceOrientationLandscapeRight";
				INFOPLIST_KEY_UISupportedInterfaceOrientations_iPhone = "UIInterfaceOrientationPortrait UIInterfaceOrientationLandscapeLeft UIInterfaceOrientationLandscapeRight";
				LD_RUNPATH_SEARCH_PATHS = (
					"$(inherited)",
					"@executable_path/Frameworks",
				);
				MARKETING_VERSION = 1.0;
				PRODUCT_BUNDLE_IDENTIFIER = test.CollectionViewCompositionalLayout;
				PRODUCT_NAME = "$(TARGET_NAME)";
				SWIFT_EMIT_LOC_STRINGS = YES;
				SWIFT_VERSION = 5.0;
				TARGETED_DEVICE_FAMILY = "1,2";
			};
			name = Debug;
		};
		453C61DF27FD88D90081D5B8 /* Release */ = {
			isa = XCBuildConfiguration;
			buildSettings = {
				ASSETCATALOG_COMPILER_APPICON_NAME = AppIcon;
				ASSETCATALOG_COMPILER_GLOBAL_ACCENT_COLOR_NAME = AccentColor;
				CODE_SIGN_STYLE = Automatic;
				CURRENT_PROJECT_VERSION = 1;
				GENERATE_INFOPLIST_FILE = YES;
				INFOPLIST_FILE = CollectionViewCompositionalLayout/Info.plist;
				INFOPLIST_KEY_UIApplicationSupportsIndirectInputEvents = YES;
				INFOPLIST_KEY_UILaunchStoryboardName = LaunchScreen;
				INFOPLIST_KEY_UIMainStoryboardFile = Main;
				INFOPLIST_KEY_UISupportedInterfaceOrientations_iPad = "UIInterfaceOrientationPortrait UIInterfaceOrientationPortraitUpsideDown UIInterfaceOrientationLandscapeLeft UIInterfaceOrientationLandscapeRight";
				INFOPLIST_KEY_UISupportedInterfaceOrientations_iPhone = "UIInterfaceOrientationPortrait UIInterfaceOrientationLandscapeLeft UIInterfaceOrientationLandscapeRight";
				LD_RUNPATH_SEARCH_PATHS = (
					"$(inherited)",
					"@executable_path/Frameworks",
				);
				MARKETING_VERSION = 1.0;
				PRODUCT_BUNDLE_IDENTIFIER = test.CollectionViewCompositionalLayout;
				PRODUCT_NAME = "$(TARGET_NAME)";
				SWIFT_EMIT_LOC_STRINGS = YES;
				SWIFT_VERSION = 5.0;
				TARGETED_DEVICE_FAMILY = "1,2";
			};
			name = Release;
		};
/* End XCBuildConfiguration section */

/* Begin XCConfigurationList section */
		453C61C427FD88D90081D5B8 /* Build configuration list for PBXProject "CollectionViewCompositionalLayout" */ = {
			isa = XCConfigurationList;
			buildConfigurations = (
				453C61DB27FD88D90081D5B8 /* Debug */,
				453C61DC27FD88D90081D5B8 /* Release */,
			);
			defaultConfigurationIsVisible = 0;
			defaultConfigurationName = Release;
		};
		453C61DD27FD88D90081D5B8 /* Build configuration list for PBXNativeTarget "CollectionViewCompositionalLayout" */ = {
			isa = XCConfigurationList;
			buildConfigurations = (
				453C61DE27FD88D90081D5B8 /* Debug */,
				453C61DF27FD88D90081D5B8 /* Release */,
			);
			defaultConfigurationIsVisible = 0;
			defaultConfigurationName = Release;
		};
/* End XCConfigurationList section */
	};
	rootObject = 453C61C127FD88D90081D5B8 /* Project object */;
}
